
Microsoft Visual Studio Solution File, Format Version 12.00
# Visual Studio Version 16
VisualStudioVersion = 16.0.30711.63
MinimumVisualStudioVersion = 10.0.40219.1
Project("{FAE04EC0-301F-11D3-BF4B-00C04F79EFBC}") = "CoreTestApp", "CoreTestApp\CoreTestApp.csproj", "{5CEDDB13-E964-45CE-97D1-DFEF944C6465}"
EndProject
Global
	GlobalSection(SolutionConfigurationPlatforms) = preSolution
		Debug|Any CPU = Debug|Any CPU
		Release|Any CPU = Release|Any CPU
	EndGlobalSection
	GlobalSection(ProjectConfigurationPlatforms) = postSolution
		{5CEDDB13-E964-45CE-97D1-DFEF944C6465}.Debug|Any CPU.ActiveCfg = Debug|Any CPU
		{5CEDDB13-E964-45CE-97D1-DFEF944C6465}.Debug|Any CPU.Build.0 = Debug|Any CPU
		{5CEDDB13-E964-45CE-97D1-DFEF944C6465}.Release|Any CPU.ActiveCfg = Release|Any CPU
		{5CEDDB13-E964-45CE-97D1-DFEF944C6465}.Release|Any CPU.Build.0 = Release|Any CPU
	EndGlobalSection
	GlobalSection(SolutionProperties) = preSolution
		HideSolutionNode = FALSE
	EndGlobalSection
	GlobalSection(ExtensibilityGlobals) = postSolution
		SolutionGuid = {50358462-DC1B-42C6-A28B-513151921F91}
	EndGlobalSection
EndGlobal
